
Microsoft Visual Studio Solution File, Format Version 12.00
# Visual Studio Version 17
VisualStudioVersion = 17.0.31903.59
MinimumVisualStudioVersion = 10.0.40219.1
Project("{9A19103F-16F7-4668-BE54-9A1E7A4F7556}") = "shop.web", "shop.web\shop.web.csproj", "{33D0C463-CC4A-4D1D-98F4-0FF996029C7C}"
EndProject
Project("{9A19103F-16F7-4668-BE54-9A1E7A4F7556}") = "shop.api", "shop.api\shop.api.csproj", "{2AC637E9-3FD9-4B0D-B514-DCE3E0D1764B}"
EndProject
Project("{9A19103F-16F7-4668-BE54-9A1E7A4F7556}") = "shop.shared", "shop.shared\shop.shared.csproj", "{C9FD1B4D-F10B-403F-A411-142A2287A0D7}"
EndProject
Global
	GlobalSection(SolutionConfigurationPlatforms) = preSolution
		Debug|Any CPU = Debug|Any CPU
		Release|Any CPU = Release|Any CPU
	EndGlobalSection
	GlobalSection(ProjectConfigurationPlatforms) = postSolution
		{33D0C463-CC4A-4D1D-98F4-0FF996029C7C}.Debug|Any CPU.ActiveCfg = Debug|Any CPU
		{33D0C463-CC4A-4D1D-98F4-0FF996029C7C}.Debug|Any CPU.Build.0 = Debug|Any CPU
		{33D0C463-CC4A-4D1D-98F4-0FF996029C7C}.Release|Any CPU.ActiveCfg = Release|Any CPU
		{33D0C463-CC4A-4D1D-98F4-0FF996029C7C}.Release|Any CPU.Build.0 = Release|Any CPU
		{2AC637E9-3FD9-4B0D-B514-DCE3E0D1764B}.Debug|Any CPU.ActiveCfg = Debug|Any CPU
		{2AC637E9-3FD9-4B0D-B514-DCE3E0D1764B}.Debug|Any CPU.Build.0 = Debug|Any CPU
		{2AC637E9-3FD9-4B0D-B514-DCE3E0D1764B}.Release|Any CPU.ActiveCfg = Release|Any CPU
		{2AC637E9-3FD9-4B0D-B514-DCE3E0D1764B}.Release|Any CPU.Build.0 = Release|Any CPU
		{C9FD1B4D-F10B-403F-A411-142A2287A0D7}.Debug|Any CPU.ActiveCfg = Debug|Any CPU
		{C9FD1B4D-F10B-403F-A411-142A2287A0D7}.Debug|Any CPU.Build.0 = Debug|Any CPU
		{C9FD1B4D-F10B-403F-A411-142A2287A0D7}.Release|Any CPU.ActiveCfg = Release|Any CPU
		{C9FD1B4D-F10B-403F-A411-142A2287A0D7}.Release|Any CPU.Build.0 = Release|Any CPU
	EndGlobalSection
	GlobalSection(SolutionProperties) = preSolution
		HideSolutionNode = FALSE
	EndGlobalSection
EndGlobal
